
Microsoft Visual Studio Solution File, Format Version 12.00
# Visual Studio Version 17
VisualStudioVersion = 17.14.36616.10 d17.14
MinimumVisualStudioVersion = 10.0.40219.1
Project("{FAE04EC0-301F-11D3-BF4B-00C04F79EFBC}") = "WebApp", "WebApp\WebApp.csproj", "{19D760F8-6AD0-4E4E-801E-9A011BE49F1B}"
EndProject
Global
	GlobalSection(SolutionConfigurationPlatforms) = preSolution
		Debug|Any CPU = Debug|Any CPU
		Release|Any CPU = Release|Any CPU
	EndGlobalSection
	GlobalSection(ProjectConfigurationPlatforms) = postSolution
		{19D760F8-6AD0-4E4E-801E-9A011BE49F1B}.Debug|Any CPU.ActiveCfg = Debug|Any CPU
		{19D760F8-6AD0-4E4E-801E-9A011BE49F1B}.Debug|Any CPU.Build.0 = Debug|Any CPU
		{19D760F8-6AD0-4E4E-801E-9A011BE49F1B}.Release|Any CPU.ActiveCfg = Release|Any CPU
		{19D760F8-6AD0-4E4E-801E-9A011BE49F1B}.Release|Any CPU.Build.0 = Release|Any CPU
	EndGlobalSection
	GlobalSection(SolutionProperties) = preSolution
		HideSolutionNode = FALSE
	EndGlobalSection
	GlobalSection(ExtensibilityGlobals) = postSolution
		SolutionGuid = {0F3791F9-3D99-4F02-ACE9-09C11585BB9B}
	EndGlobalSection
EndGlobal
